
Microsoft Visual Studio Solution File, Format Version 12.00
# Visual Studio Version 16
VisualStudioVersion = 16.0.30114.105
MinimumVisualStudioVersion = 10.0.40219.1
Project("{FAE04EC0-301F-11D3-BF4B-00C04F79EFBC}") = "Api", "Api\Api.csproj", "{96366033-B913-467C-B5E9-AE23F126D9FA}"
EndProject
Project("{FAE04EC0-301F-11D3-BF4B-00C04F79EFBC}") = "Domain", "Domain\Domain.csproj", "{5F4BA80B-A9B5-4C36-9B5D-88AB09AFF4D5}"
EndProject
Project("{FAE04EC0-301F-11D3-BF4B-00C04F79EFBC}") = "Persist", "Persist\Persist.csproj", "{0A4F097E-618D-4D13-ABCC-5B4200979D9F}"
EndProject
Project("{FAE04EC0-301F-11D3-BF4B-00C04F79EFBC}") = "Service", "Service\Service.csproj", "{AAAD428E-A131-4B51-85A2-0AFD50E56373}"
EndProject
Global
	GlobalSection(SolutionConfigurationPlatforms) = preSolution
		Debug|Any CPU = Debug|Any CPU
		Release|Any CPU = Release|Any CPU
	EndGlobalSection
	GlobalSection(ProjectConfigurationPlatforms) = postSolution
		{96366033-B913-467C-B5E9-AE23F126D9FA}.Debug|Any CPU.ActiveCfg = Debug|Any CPU
		{96366033-B913-467C-B5E9-AE23F126D9FA}.Debug|Any CPU.Build.0 = Debug|Any CPU
		{96366033-B913-467C-B5E9-AE23F126D9FA}.Release|Any CPU.ActiveCfg = Release|Any CPU
		{96366033-B913-467C-B5E9-AE23F126D9FA}.Release|Any CPU.Build.0 = Release|Any CPU
		{5F4BA80B-A9B5-4C36-9B5D-88AB09AFF4D5}.Debug|Any CPU.ActiveCfg = Debug|Any CPU
		{5F4BA80B-A9B5-4C36-9B5D-88AB09AFF4D5}.Debug|Any CPU.Build.0 = Debug|Any CPU
		{5F4BA80B-A9B5-4C36-9B5D-88AB09AFF4D5}.Release|Any CPU.ActiveCfg = Release|Any CPU
		{5F4BA80B-A9B5-4C36-9B5D-88AB09AFF4D5}.Release|Any CPU.Build.0 = Release|Any CPU
		{0A4F097E-618D-4D13-ABCC-5B4200979D9F}.Debug|Any CPU.ActiveCfg = Debug|Any CPU
		{0A4F097E-618D-4D13-ABCC-5B4200979D9F}.Debug|Any CPU.Build.0 = Debug|Any CPU
		{0A4F097E-618D-4D13-ABCC-5B4200979D9F}.Release|Any CPU.ActiveCfg = Release|Any CPU
		{0A4F097E-618D-4D13-ABCC-5B4200979D9F}.Release|Any CPU.Build.0 = Release|Any CPU
		{AAAD428E-A131-4B51-85A2-0AFD50E56373}.Debug|Any CPU.ActiveCfg = Debug|Any CPU
		{AAAD428E-A131-4B51-85A2-0AFD50E56373}.Debug|Any CPU.Build.0 = Debug|Any CPU
		{AAAD428E-A131-4B51-85A2-0AFD50E56373}.Release|Any CPU.ActiveCfg = Release|Any CPU
		{AAAD428E-A131-4B51-85A2-0AFD50E56373}.Release|Any CPU.Build.0 = Release|Any CPU
	EndGlobalSection
	GlobalSection(SolutionProperties) = preSolution
		HideSolutionNode = FALSE
	EndGlobalSection
	GlobalSection(ExtensibilityGlobals) = postSolution
		SolutionGuid = {1E3B641D-CBE4-4CAC-A1E0-6B1E95A4FA69}
	EndGlobalSection
EndGlobal
